{
  "name": "Rapport",
  "lockfileVersion": 3,
  "requires": true,
  "packages": {
    "": {
      "dependencies": {
        "coap-packet": "^1.1.1"
      }
    },
    "node_modules/coap-packet": {
      "version": "1.1.1",
      "resolved": "https://registry.npmjs.org/coap-packet/-/coap-packet-1.1.1.tgz",
      "integrity": "sha512-Bkz2ZKI/7hU2gm6nUuo5l+MBSkdFJx7My1ZgNEhKUC7K2yYfQYVbBPRa64BBYLcEcYgaSlau4A1Uw5xfM2I0zw==",
      "engines": {
        "node": ">= 0.10"
      }
    }
  }
}
